
Microsoft Visual Studio Solution File, Format Version 11.00
# Visual Studio 2010
Project("{8BC9CEB8-8B4A-11D0-8D11-00A0C91BC942}") = "tbase", "tbase\tbase.vcxproj", "{073ABE23-B6B2-4C01-A9A7-A44C1A9FEBD1}"
EndProject
Global
	GlobalSection(SolutionConfigurationPlatforms) = preSolution
		Debug|Win32 = Debug|Win32
		Release|Win32 = Release|Win32
	EndGlobalSection
	GlobalSection(ProjectConfigurationPlatforms) = postSolution
		{073ABE23-B6B2-4C01-A9A7-A44C1A9FEBD1}.Debug|Win32.ActiveCfg = Debug|Win32
		{073ABE23-B6B2-4C01-A9A7-A44C1A9FEBD1}.Debug|Win32.Build.0 = Debug|Win32
		{073ABE23-B6B2-4C01-A9A7-A44C1A9FEBD1}.Release|Win32.ActiveCfg = Release|Win32
		{073ABE23-B6B2-4C01-A9A7-A44C1A9FEBD1}.Release|Win32.Build.0 = Release|Win32
	EndGlobalSection
	GlobalSection(SolutionProperties) = preSolution
		HideSolutionNode = FALSE
	EndGlobalSection
EndGlobal
